
Microsoft Visual Studio Solution File, Format Version 11.00
# Visual Studio 2010
Project("{FAE04EC0-301F-11D3-BF4B-00C04F79EFBC}") = "Assembly-CSharp-firstpass", "Assembly-CSharp-firstpass.csproj", "{1bfd15b4-4919-db65-23e2-3ae21afe8804}"
EndProject
Project("{FAE04EC0-301F-11D3-BF4B-00C04F79EFBC}") = "Assembly-CSharp", "Assembly-CSharp.csproj", "{e806f2e9-30c2-fd22-47bc-e668394b94da}"
EndProject
Project("{FAE04EC0-301F-11D3-BF4B-00C04F79EFBC}") = "Assembly-CSharp-Editor-firstpass", "Assembly-CSharp-Editor-firstpass.csproj", "{1ab57826-d00c-849a-f022-fcd6fd2df03b}"
EndProject
Global
	GlobalSection(SolutionConfigurationPlatforms) = preSolution
		Debug|Any CPU = Debug|Any CPU
	EndGlobalSection
	GlobalSection(ProjectConfigurationPlatforms) = postSolution
		{1bfd15b4-4919-db65-23e2-3ae21afe8804}.Debug|Any CPU.ActiveCfg = Debug|Any CPU
		{1bfd15b4-4919-db65-23e2-3ae21afe8804}.Debug|Any CPU.Build.0 = Debug|Any CPU
		{e806f2e9-30c2-fd22-47bc-e668394b94da}.Debug|Any CPU.ActiveCfg = Debug|Any CPU
		{e806f2e9-30c2-fd22-47bc-e668394b94da}.Debug|Any CPU.Build.0 = Debug|Any CPU
		{1ab57826-d00c-849a-f022-fcd6fd2df03b}.Debug|Any CPU.ActiveCfg = Debug|Any CPU
		{1ab57826-d00c-849a-f022-fcd6fd2df03b}.Debug|Any CPU.Build.0 = Debug|Any CPU
	EndGlobalSection
	GlobalSection(SolutionProperties) = preSolution
		HideSolutionNode = FALSE
	EndGlobalSection
EndGlobal
